# This file is automatically @generated by Cargo.
# It is not intended for manual editing.
version = 4

[[package]]
name = "file_ref"
version = "0.1.0"
source = "git+https://github.com/SuccessfullyFailed/file_ref#9b4937b84974c21fd0c7ebcc895277e9c4832e70"

[[package]]
name = "grid_kit"
version = "0.1.0"
dependencies = [
 "file_ref",
]
